schema: '2.0'
stages:
  modis_monthly_avgs:
    cmd: python src/modis/process_data.py -v --no-dask
    deps:
    - path: src/modis/process_data.py
      hash: md5
      md5: efb5f8266b7ffdc5914b57ccdad1308d
      size: 5209
    - path: src/utils/gee.py
      hash: md5
      md5: 4febf32aae0df8376b931d206c4d1565
      size: 2172
  process_modis_monthly_avgs:
    cmd: python src/modis/process_data.py -v
    deps:
    - path: src/modis/process_data.py
      hash: md5
      md5: ba72cc1c52a02fbdccb9723fb5c1b10e
      size: 5189
  get_modis_monthly_avgs:
    cmd: python src/modis/get_data.py
    deps:
    - path: src/modis/get_data.py
      hash: md5
      md5: e0e7aa9556880ae0a785eefb07a553d6
      size: 2300
    - path: src/modis/process_data.py
      hash: md5
      md5: ba72cc1c52a02fbdccb9723fb5c1b10e
      size: 5189
  get_esa_worldcover:
    cmd: python src/esa_worldcover/get_esa_worldcover_data.py -vd
    deps:
    - path: src/esa_worldcover/get_esa_worldcover_data.py
      hash: md5
      md5: 2a341bdb153fd8f9f5f6244aedd4bc00
      size: 2477
  get_soilgrids:
    cmd: python src/soilgrids/get_soilgrids_data.py -vd
    deps:
    - path: src/soilgrids/get_soilgrids_data.py
      hash: md5
      md5: 3ec77483513ced3c148bfabf88ee600c
      size: 4368
      isexec: true
  get_worldclim:
    cmd: python src/worldclim/get_worldclim_data.py
    deps:
    - path: src/worldclim/get_worldclim_data.py
      hash: md5
      md5: 27db670af5f76d3ecdaf2d6a86d4804c
      size: 1729
