schema: '2.0'
stages:
  modis_monthly_avgs:
    cmd: python src/modis/process_data.py -v --no-dask
    deps:
    - path: src/modis/process_data.py
      hash: md5
      md5: efb5f8266b7ffdc5914b57ccdad1308d
      size: 5209
    - path: src/utils/gee.py
      hash: md5
      md5: 4febf32aae0df8376b931d206c4d1565
      size: 2172
  process_modis_monthly_avgs:
    cmd: python src/modis/process_data.py -v
    deps:
    - path: src/modis/process_data.py
      hash: md5
      md5: 9a0347d69272a2191271d977b38887b1
      size: 5203
    - path: src/utils/gee.py
      hash: md5
      md5: 3013e3d93eee08aa9afaf631843a3d09
      size: 6397
  get_modis_monthly_avgs:
    cmd: python src/modis/get_data.py
    deps:
    - path: src/modis/get_data.py
      hash: md5
      md5: 0a1585137c65d85826ec011da6fd541a
      size: 2546
      isexec: true
    - path: src/modis/process_data.py
      hash: md5
      md5: ded9033ce5dc109a510c8d114e40fb0e
      size: 5209
      isexec: true
    outs:
    - path: data/modis/modis_sur_refl_monthly_avg_1km
      hash: md5
      md5: 5659a396fd8895b5d903eb74d628a4e0.dir
      size: 58238905336
      nfiles: 60
